{
    "_meta": {
        "hash": {
            "sha256": "71066deef3d3e69ca850e8e97cb46755eeb067f90a29192a8c4a63d0c9f16fa5"
        },
        "pipfile-spec": 6,
        "requires": {
            "python_version": "3.10"
        },
        "sources": [
            {
                "name": "pypi",
                "url": "https://pypi.org/simple",
                "verify_ssl": true
            }
        ]
    },
    "default": {
        "asgiref": {
            "hashes": [
                "sha256:45a429524fba18aba9d512498b19d220c4d628e75b40cf5c627524dbaebc5cc1",
                "sha256:fddeea3c53fa99d0cdb613c3941cc6e52d822491fc2753fba25768fb5bf4e865"
            ],
            "markers": "python_version >= '3.7'",
            "version": "==3.5.1"
        },
        "boto3": {
            "hashes": [
                "sha256:dbbeee6d535a311d4d646a9dd683b216bf17d59345367432a22a21b50eb43a8e",
                "sha256:e6b4a4970cb9210d455f348577d9e0485f86c44baf278b8220e8ab5587d03470"
            ],
            "index": "pypi",
            "version": "==1.22.5"
        },
        "botocore": {
            "hashes": [
                "sha256:9f2f143fe8581eb9c43c0934b7daf706067afa409171a80b103f458977fcfbd4",
                "sha256:bcbacc0ec0a1f44cbf7e6d8112af8096eed41bec75e90af06f8bf61f20d820aa"
            ],
            "index": "pypi",
            "version": "==1.25.5"
        },
        "colorama": {
            "hashes": [
                "sha256:5941b2b48a20143d2267e95b1c2a7603ce057ee39fd88e7329b0c292aa16869b",
                "sha256:9f47eda37229f68eee03b24b9748937c7dc3868f906e8ba69fbcbdd3bc5dc3e2"
            ],
            "markers": "platform_system == 'Windows'",
            "version": "==0.4.4"
        },
        "dj-database-url": {
            "hashes": [
                "sha256:4aeaeb1f573c74835b0686a2b46b85990571159ffc21aa57ecd4d1e1cb334163",
                "sha256:851785365761ebe4994a921b433062309eb882fedd318e1b0fcecc607ed02da9"
            ],
            "index": "pypi",
            "version": "==0.5.0"
        },
        "django": {
            "hashes": [
                "sha256:07c8638e7a7f548dc0acaaa7825d84b7bd42b10e8d22268b3d572946f1e9b687",
                "sha256:4e8177858524417563cc0430f29ea249946d831eacb0068a1455686587df40b5"
            ],
            "index": "pypi",
            "version": "==4.0.4"
        },
        "django-admin-rangefilter": {
            "hashes": [
                "sha256:13c0db838db78f09d3ea717b9bc4a37c4601a9441cc70720f1a82f90e4b47b76",
                "sha256:d2d5d99a0bc9aed456cd449755ac79908ed0b6524d76020430f71cde0ef12348"
            ],
            "index": "pypi",
            "version": "==0.8.4"
        },
        "django-bootstrap-modal-forms": {
            "hashes": [
                "sha256:be180b30892aa7b8012718dfca7586de7d0c143585bc44ed507d50569cdd41cd"
            ],
            "index": "pypi",
            "version": "==2.2.0"
        },
        "django-decouple": {
            "hashes": [
                "sha256:a7f4b4d1eaedde3a7d1a8e0489dae4afa96cff3eb575d569d92d9ba5f4283f90"
            ],
            "index": "pypi",
            "version": "==2.1"
        },
        "django-environ": {
            "hashes": [
                "sha256:42593bee519a527602a467c7b682aee1a051c2597f98c45f4f4f44169ecdb6e5",
                "sha256:6f0bc902b43891656b20486938cba0861dc62892784a44919170719572a534cb"
            ],
            "index": "pypi",
            "version": "==0.8.1"
        },
        "django-heroku": {
            "hashes": [
                "sha256:2bc690aab89eedbe01311752320a9a12e7548e3b0ed102681acc5736a41a4762",
                "sha256:6af4bc3ae4a9b55eaad6dbe5164918982d2762661aebc9f83d9fa49f6009514e"
            ],
            "index": "pypi",
            "version": "==0.3.1"
        },
        "django-mathfilters": {
            "hashes": [
                "sha256:64200a21bb249fbf27be601d4bbb788779e09c6e063170c097cd82c4d18ebb83",
                "sha256:c9b892ef6dfc893683e75cfd0279c187a601ca68f4684c38f9da44657fb64b07"
            ],
            "index": "pypi",
            "version": "==1.0.0"
        },
        "django-pwa": {
            "hashes": [
                "sha256:07ed9dd57108838e3fe44b551a82032ca4ed76e31cb3c3e8d51604e0fe7e81e9",
                "sha256:b1a2057b1e72c40c3a14beb90b958482da185f1d40a141fcae3d76580984b930"
            ],
            "index": "pypi",
            "version": "==1.0.10"
        },
        "django-sendgrid": {
            "hashes": [
                "sha256:9c0484747a797c4e033639807b91267776cf9cea9cfc71648db33cc3fd0e67f0"
            ],
            "index": "pypi",
            "version": "==1.0.1"
        },
        "django-storages": {
            "hashes": [
                "sha256:204a99f218b747c46edbfeeb1310d357f83f90fa6a6024d8d0a3f422570cee84",
                "sha256:a475edb2f0f04c4f7e548919a751ecd50117270833956ed5bd585c0575d2a5e7"
            ],
            "index": "pypi",
            "version": "==1.12.3"
        },
        "gunicorn": {
            "hashes": [
                "sha256:9dcc4547dbb1cb284accfb15ab5667a0e5d1881cc443e0677b4882a4067a807e",
                "sha256:e0a968b5ba15f8a328fdfd7ab1fcb5af4470c28aaf7e55df02a99bc13138e6e8"
            ],
            "index": "pypi",
            "version": "==20.1.0"
        },
        "jmespath": {
            "hashes": [
                "sha256:a490e280edd1f57d6de88636992d05b71e97d69a26a19f058ecf7d304474bf5e",
                "sha256:e8dcd576ed616f14ec02eed0005c85973b5890083313860136657e24784e4c04"
            ],
            "index": "pypi",
            "version": "==1.0.0"
        },
        "pillow": {
            "hashes": [
                "sha256:01ce45deec9df310cbbee11104bae1a2a43308dd9c317f99235b6d3080ddd66e",
                "sha256:0c51cb9edac8a5abd069fd0758ac0a8bfe52c261ee0e330f363548aca6893595",
                "sha256:17869489de2fce6c36690a0c721bd3db176194af5f39249c1ac56d0bb0fcc512",
                "sha256:21dee8466b42912335151d24c1665fcf44dc2ee47e021d233a40c3ca5adae59c",
                "sha256:25023a6209a4d7c42154073144608c9a71d3512b648a2f5d4465182cb93d3477",
                "sha256:255c9d69754a4c90b0ee484967fc8818c7ff8311c6dddcc43a4340e10cd1636a",
                "sha256:35be4a9f65441d9982240e6966c1eaa1c654c4e5e931eaf580130409e31804d4",
                "sha256:3f42364485bfdab19c1373b5cd62f7c5ab7cc052e19644862ec8f15bb8af289e",
                "sha256:3fddcdb619ba04491e8f771636583a7cc5a5051cd193ff1aa1ee8616d2a692c5",
                "sha256:463acf531f5d0925ca55904fa668bb3461c3ef6bc779e1d6d8a488092bdee378",
                "sha256:4fe29a070de394e449fd88ebe1624d1e2d7ddeed4c12e0b31624561b58948d9a",
                "sha256:55dd1cf09a1fd7c7b78425967aacae9b0d70125f7d3ab973fadc7b5abc3de652",
                "sha256:5a3ecc026ea0e14d0ad7cd990ea7f48bfcb3eb4271034657dc9d06933c6629a7",
                "sha256:5cfca31ab4c13552a0f354c87fbd7f162a4fafd25e6b521bba93a57fe6a3700a",
                "sha256:66822d01e82506a19407d1afc104c3fcea3b81d5eb11485e593ad6b8492f995a",
                "sha256:69e5ddc609230d4408277af135c5b5c8fe7a54b2bdb8ad7c5100b86b3aab04c6",
                "sha256:6b6d4050b208c8ff886fd3db6690bf04f9a48749d78b41b7a5bf24c236ab0165",
                "sha256:7a053bd4d65a3294b153bdd7724dce864a1d548416a5ef61f6d03bf149205160",
                "sha256:82283af99c1c3a5ba1da44c67296d5aad19f11c535b551a5ae55328a317ce331",
                "sha256:8782189c796eff29dbb37dd87afa4ad4d40fc90b2742704f94812851b725964b",
                "sha256:8d79c6f468215d1a8415aa53d9868a6b40c4682165b8cb62a221b1baa47db458",
                "sha256:97bda660702a856c2c9e12ec26fc6d187631ddfd896ff685814ab21ef0597033",
                "sha256:a325ac71914c5c043fa50441b36606e64a10cd262de12f7a179620f579752ff8",
                "sha256:a336a4f74baf67e26f3acc4d61c913e378e931817cd1e2ef4dfb79d3e051b481",
                "sha256:a598d8830f6ef5501002ae85c7dbfcd9c27cc4efc02a1989369303ba85573e58",
                "sha256:a5eaf3b42df2bcda61c53a742ee2c6e63f777d0e085bbc6b2ab7ed57deb13db7",
                "sha256:aea7ce61328e15943d7b9eaca87e81f7c62ff90f669116f857262e9da4057ba3",
                "sha256:af79d3fde1fc2e33561166d62e3b63f0cc3e47b5a3a2e5fea40d4917754734ea",
                "sha256:c24f718f9dd73bb2b31a6201e6db5ea4a61fdd1d1c200f43ee585fc6dcd21b34",
                "sha256:c5b0ff59785d93b3437c3703e3c64c178aabada51dea2a7f2c5eccf1bcf565a3",
                "sha256:c7110ec1701b0bf8df569a7592a196c9d07c764a0a74f65471ea56816f10e2c8",
                "sha256:c870193cce4b76713a2b29be5d8327c8ccbe0d4a49bc22968aa1e680930f5581",
                "sha256:c9efef876c21788366ea1f50ecb39d5d6f65febe25ad1d4c0b8dff98843ac244",
                "sha256:de344bcf6e2463bb25179d74d6e7989e375f906bcec8cb86edb8b12acbc7dfef",
                "sha256:eb1b89b11256b5b6cad5e7593f9061ac4624f7651f7a8eb4dfa37caa1dfaa4d0",
                "sha256:ed742214068efa95e9844c2d9129e209ed63f61baa4d54dbf4cf8b5e2d30ccf2",
                "sha256:f401ed2bbb155e1ade150ccc63db1a4f6c1909d3d378f7d1235a44e90d75fb97",
                "sha256:fb89397013cf302f282f0fc998bb7abf11d49dcff72c8ecb320f76ea6e2c5717"
            ],
            "index": "pypi",
            "version": "==9.1.0"
        },
        "psycopg": {
            "extras": [
                "pool"
            ],
            "hashes": [
                "sha256:57c3b208fbe1a8b7dd1a6db1389cf3ecede06998692ce98240e5fbe41d87e75c",
                "sha256:cede6d073a73ace182e6f14dd7410cdfe049a7655ab3f338447fe1a293a3a2cb"
            ],
            "index": "pypi",
            "version": "==3.0.12"
        },
        "psycopg-binary": {
            "hashes": [
                "sha256:0e687a831b15ca397b7a0d6b6df973255574d933c100bc8bc6c9689ebb7852ef",
                "sha256:1362c87bae1c0647746c59c57aee983aaadedcbcadabf99311f24a9d832f53ba",
                "sha256:13ed4c5b128cd0a4e4fabd6b54af501ab70183e872858e79d2534976e6459411",
                "sha256:14175960fd2b1302f0aa088022226d6c65fea7e64121b84c9260ae72423e5104",
                "sha256:1de30987f63795f65f5183288799f1cda073c6f61c1954002552d3e9cd39d019",
                "sha256:247c486ed594954a4412e3aebf9698e29088b537214a24d2b1c8115fe023550a",
                "sha256:2527cdae8537bb2546f83d123ba5d4926b2eb0186d35c2a98f50b39a49889dc0",
                "sha256:25ac24a2d1688e98ae2bd92c3e0dddbd36c8b1a97c4a09e769bf7e870688ae2a",
                "sha256:284b20ed88f9642a9d1baddb89b46be8a107d4534d292e78575959afadc55f63",
                "sha256:290a0fe3124f92c6dda7cd413afa9bb0a0a1ed8e00e5726a6004becb7791107f",
                "sha256:35ba960b9cb0798d3675bc4dd62d2917935581ce89e46983e9f571004b20635a",
                "sha256:368e18a7319f8841da74883cd6bcf5ecc51072f1151496b86d87689cb093708a",
                "sha256:3b3c4cc49745ea080dd39013ff81623b1204f6f631ad92a1dc0f36604f2e4b10",
                "sha256:3e8e5240adeb253911fe448d210928d36349d9743e89ef9930849227ea1726d8",
                "sha256:4f180e843074877bb90fabdc50b729f1398be5cb2bf9dea83984877c2f6424d8",
                "sha256:516a0fab60d786a459f5657c861005ff53e8d65c7895c0711a5b2eed4821e800",
                "sha256:550032768ffae0f7ff0aaff6869c7da5806f8dd44a13245d5b506ccf3b6f963c",
                "sha256:59a08f0d31bb62ebc0ae48a99213be488fde4e64c998ab553fa9992777982098",
                "sha256:5dcc6477d00372d665b6ec529db2bd057d5bc92aabcbfe41e017dd9bebe24148",
                "sha256:6875a7ddcbe207870f74f2efec81d8b1798614c4fb5df123874ee4eee6283267",
                "sha256:6a277ca8d8eb1426a53754aa35f147bdac6514aa3f01928a6712b338220e28e1",
                "sha256:6be08ef1c4fd620bb60df92dbfcfe558bc747f242f827e660d2168996dad708b",
                "sha256:6d2d4613c94f2f844c044d985b061da47729ee30ee5577ab6297f99ad9447fc0",
                "sha256:6e8583ca1b29cda5acd2a5efbe265565978a3be39eb87a8eff239851afd275da",
                "sha256:6fb1c141ebc99f54802219a1e417a233b8492d65376088729a098d5a0c4fa3a0",
                "sha256:711a20e7bff21bca43a3fb80d3a670e8927995fce2e088d815de5b71e0114afd",
                "sha256:7545e3511a70785292c9e5bd53e6b357a86d250b2125f4178955e1e86692c2c6",
                "sha256:7800dad79a0cecd6034a7f03142469343f6f403a601182b153fa0f00cdd92170",
                "sha256:7c6717ff6e75bcb13fdef78b16b38db320463210ac42d8c29ae2d5a9728fa4bf",
                "sha256:7de2758423e808590cde48831261dba516d7126e7561424e13f600fd3eb7ebf9",
                "sha256:7eb4939728b8ae6eca6267fe130a7bc662e378d59f3dd1066ff4dfdc924bc877",
                "sha256:7f51cb8aecd3b73c6920605131dd077927fe1ed237dffdae69d40a08acaa5680",
                "sha256:7f991ecca03687a647411f8e3e4cf2d8c62fe778f6d58c41d2ebf5bfc39de3f8",
                "sha256:81d20f990d79085e6ee36ff2e0924e7b273ba8811f13a5e2dadf0e54a238ff48",
                "sha256:8d5c894dc24b8e52b7fad94f80e5e542c93fa352781200d556d82e968d03e5ca",
                "sha256:8d86bfce623d82e99f81e0eb054792a61194337d1ec41aa754637cf4d52f7a5a",
                "sha256:8edfe11aad012c91b243cc9895c8d72ab773199801ddf0b337d7e2375ba86dea",
                "sha256:9c9527002a95d329e89d5fc3a1dd4e68b81ef4a28a800c6dd6c5ef3f17c4e036",
                "sha256:ae5c6335016a3f87d23c9feb70fc009462ae5f44ba603bc22ddd8300a9c7e0b4",
                "sha256:b0d4029017ec008dca8d01d1f20f6356f030d82c21cdd4454315741e33c51b0e",
                "sha256:b3d1900b6cd5a1d73cc9a3d80014fee8af7264fc17dc191ffc83c6d753b0d92d",
                "sha256:b706c2834fe29093f1c63ac144c8609bd80d1f1d27a076f9c36afc2cc6c1ae94",
                "sha256:bbf09155e247b18f8e330f762363e9a76d228ebeed47dd8322b52089b12d8300",
                "sha256:bd7c5943e6d305d7f1d491fad8fd825b73d3ba2f570b414cd2c6818feabdcbb8",
                "sha256:c3bfcde6b26fe22de1dcee67124e8a4d632a83883884ca694fe338607aa2c910",
                "sha256:cfd7a0297c07943373c090067208aa604f93f992a334b9a381d322955c11b791",
                "sha256:e5b12e4378e8af72e6fdc35a92a72706baaae22d812c549a24cd45ea1a806890",
                "sha256:f3b5a3a04a064066c312a9c9d00469eeb364a1c38e6264c095d4be797266b014",
                "sha256:f6c6196895c1bf4b5df1b4293b57c02a26512b30b5f5a6e55718d604068897d4",
                "sha256:fb3a0a7d6ba2d15a695e5b94e724b44c874e374adc89cff8d131f8a49c8abce0"
            ],
            "index": "pypi",
            "version": "==3.0.12"
        },
        "psycopg-pool": {
            "hashes": [
                "sha256:397beaa082f17255e6267850a00700aec4427fa214b4c55d2d49c7c154508ed5",
                "sha256:bc579078dc8209f1ce280228460f96770756f24babb5d8ab2418800e9082a973"
            ],
            "version": "==3.1.1"
        },
        "psycopg2": {
            "hashes": [
                "sha256:06f32425949bd5fe8f625c49f17ebb9784e1e4fe928b7cce72edc36fb68e4c0c",
                "sha256:0762c27d018edbcb2d34d51596e4346c983bd27c330218c56c4dc25ef7e819bf",
                "sha256:083707a696e5e1c330af2508d8fab36f9700b26621ccbcb538abe22e15485362",
                "sha256:34b33e0162cfcaad151f249c2649fd1030010c16f4bbc40a604c1cb77173dcf7",
                "sha256:4295093a6ae3434d33ec6baab4ca5512a5082cc43c0505293087b8a46d108461",
                "sha256:8cf3878353cc04b053822896bc4922b194792df9df2f1ad8da01fb3043602126",
                "sha256:8e841d1bf3434da985cc5ef13e6f75c8981ced601fd70cc6bf33351b91562981",
                "sha256:9572e08b50aed176ef6d66f15a21d823bb6f6d23152d35e8451d7d2d18fdac56",
                "sha256:a81e3866f99382dfe8c15a151f1ca5fde5815fde879348fe5a9884a7c092a305",
                "sha256:cb10d44e6694d763fa1078a26f7f6137d69f555a78ec85dc2ef716c37447e4b2",
                "sha256:d3ca6421b942f60c008f81a3541e8faf6865a28d5a9b48544b0ee4f40cac7fca"
            ],
            "markers": "python_version >= '3.6'",
            "version": "==2.9.3"
        },
        "python-dateutil": {
            "hashes": [
                "sha256:0123cacc1627ae19ddf3c27a5de5bd67ee4586fbdd6440d9748f8abb483d3e86",
                "sha256:961d03dc3453ebbc59dbdea9e4e11c5651520a876d0f4db161e8674aae935da9"
            ],
            "markers": "python_version >= '2.7' and python_version not in '3.0, 3.1, 3.2, 3.3'",
            "version": "==2.8.2"
        },
        "python-decouple": {
            "hashes": [
                "sha256:2838cdf77a5cf127d7e8b339ce14c25bceb3af3e674e039d4901ba16359968c7",
                "sha256:6cf502dc963a5c642ea5ead069847df3d916a6420cad5599185de6bab11d8c2e"
            ],
            "index": "pypi",
            "version": "==3.6"
        },
        "s3transfer": {
            "hashes": [
                "sha256:7a6f4c4d1fdb9a2b640244008e142cbc2cd3ae34b386584ef044dd0f27101971",
                "sha256:95c58c194ce657a5f4fb0b9e60a84968c808888aed628cd98ab8771fe1db98ed"
            ],
            "markers": "python_version >= '3.6'",
            "version": "==0.5.2"
        },
        "setuptools": {
            "hashes": [
                "sha256:7999cbd87f1b6e1f33bf47efa368b224bed5e27b5ef2c4d46580186cbcb1a86a",
                "sha256:a65e3802053e99fc64c6b3b29c11132943d5b8c8facbcc461157511546510967"
            ],
            "index": "pypi",
            "version": "==62.0.0"
        },
        "six": {
            "hashes": [
                "sha256:1e61c37477a1626458e36f7b1d82aa5c9b094fa4802892072e49de9c60c4c926",
                "sha256:8abb2f1d86890a2dfb989f9a77cfcfd3e47c2a354b01111771326f8aa26e0254"
            ],
            "markers": "python_version >= '2.7' and python_version not in '3.0, 3.1, 3.2, 3.3'",
            "version": "==1.16.0"
        },
        "sqlparse": {
            "hashes": [
                "sha256:0c00730c74263a94e5a9919ade150dfc3b19c574389985446148402998287dae",
                "sha256:48719e356bb8b42991bdbb1e8b83223757b93789c00910a616a071910ca4a64d"
            ],
            "markers": "python_version >= '3.5'",
            "version": "==0.4.2"
        },
        "tqdm": {
            "hashes": [
                "sha256:40be55d30e200777a307a7585aee69e4eabb46b4ec6a4b4a5f2d9f11e7d5408d",
                "sha256:74a2cdefe14d11442cedf3ba4e21a3b84ff9a2dbdc6cfae2c34addb2a14a5ea6"
            ],
            "index": "pypi",
            "version": "==4.64.0"
        },
        "tzdata": {
            "hashes": [
                "sha256:238e70234214138ed7b4e8a0fab0e5e13872edab3be586ab8198c407620e2ab9",
                "sha256:8b536a8ec63dc0751342b3984193a3118f8fca2afe25752bb9b7fffd398552d3"
            ],
            "markers": "sys_platform == 'win32'",
            "version": "==2022.1"
        },
        "urllib3": {
            "hashes": [
                "sha256:44ece4d53fb1706f667c9bd1c648f5469a2ec925fcf3a776667042d645472c14",
                "sha256:aabaf16477806a5e1dd19aa41f8c2b7950dd3c746362d7e3223dbe6de6ac448e"
            ],
            "markers": "python_version >= '2.7' and python_version not in '3.0, 3.1, 3.2, 3.3, 3.4' and python_version < '4'",
            "version": "==1.26.9"
        },
        "whitenoise": {
            "hashes": [
                "sha256:08c42bc535f9777eea1a599289d9433f081921f97887eaf6f559446b2a080374",
                "sha256:5a4aff543ee860fbe40d743e556adf92ccd41b7df45697cae074afdf657056b9"
            ],
            "markers": "python_version >= '3.7'",
            "version": "==6.0.0"
        }
    },
    "develop": {}
}
